
Microsoft Visual Studio Solution File, Format Version 12.00
# Visual Studio Version 17
VisualStudioVersion = 17.2.32602.215
MinimumVisualStudioVersion = 10.0.40219.1
Project("{FAE04EC0-301F-11D3-BF4B-00C04F79EFBC}") = "WebAppAuthIdentity", "WebAppAuthIdentity\WebAppAuthIdentity.csproj", "{4C7B7A20-E2FB-4C5E-9320-47CFF322F887}"
EndProject
Global
	GlobalSection(SolutionConfigurationPlatforms) = preSolution
		Debug|Any CPU = Debug|Any CPU
		Release|Any CPU = Release|Any CPU
	EndGlobalSection
	GlobalSection(ProjectConfigurationPlatforms) = postSolution
		{4C7B7A20-E2FB-4C5E-9320-47CFF322F887}.Debug|Any CPU.ActiveCfg = Debug|Any CPU
		{4C7B7A20-E2FB-4C5E-9320-47CFF322F887}.Debug|Any CPU.Build.0 = Debug|Any CPU
		{4C7B7A20-E2FB-4C5E-9320-47CFF322F887}.Release|Any CPU.ActiveCfg = Release|Any CPU
		{4C7B7A20-E2FB-4C5E-9320-47CFF322F887}.Release|Any CPU.Build.0 = Release|Any CPU
	EndGlobalSection
	GlobalSection(SolutionProperties) = preSolution
		HideSolutionNode = FALSE
	EndGlobalSection
	GlobalSection(ExtensibilityGlobals) = postSolution
		SolutionGuid = {C54746E0-3D46-4C29-965C-321ECE481182}
	EndGlobalSection
EndGlobal
